
Microsoft Visual Studio Solution File, Format Version 12.00
# Visual Studio 11
Project("{FAE04EC0-301F-11D3-BF4B-00C04F79EFBC}") = "Rantdriven", "Rantdriven\Rantdriven.csproj", "{D1F278BA-8AE8-44C0-967E-873D16881185}"
EndProject
Project("{FAE04EC0-301F-11D3-BF4B-00C04F79EFBC}") = "Rantdriven.Tests", "Rantdriven.Tests\Rantdriven.Tests.csproj", "{C4A37B36-A284-4D3C-9B7C-9B4DC2C8B49F}"
EndProject
Project("{FAE04EC0-301F-11D3-BF4B-00C04F79EFBC}") = "Rantdriven.Persistence", "Rantdriven.Model\Rantdriven.Persistence.csproj", "{3C5CFAF8-E45D-401F-9EB3-9796BF537C9D}"
EndProject
Project("{FAE04EC0-301F-11D3-BF4B-00C04F79EFBC}") = "Rantdriven.Core", "Rantdriven.Core\Rantdriven.Core.csproj", "{1F4146B6-B36D-4A63-8D30-F785E206D1E7}"
EndProject
Global
	GlobalSection(SolutionConfigurationPlatforms) = preSolution
		Debug|Any CPU = Debug|Any CPU
		Release|Any CPU = Release|Any CPU
	EndGlobalSection
	GlobalSection(ProjectConfigurationPlatforms) = postSolution
		{1F4146B6-B36D-4A63-8D30-F785E206D1E7}.Debug|Any CPU.ActiveCfg = Debug|Any CPU
		{1F4146B6-B36D-4A63-8D30-F785E206D1E7}.Debug|Any CPU.Build.0 = Debug|Any CPU
		{1F4146B6-B36D-4A63-8D30-F785E206D1E7}.Release|Any CPU.ActiveCfg = Release|Any CPU
		{1F4146B6-B36D-4A63-8D30-F785E206D1E7}.Release|Any CPU.Build.0 = Release|Any CPU
		{3C5CFAF8-E45D-401F-9EB3-9796BF537C9D}.Debug|Any CPU.ActiveCfg = Debug|Any CPU
		{3C5CFAF8-E45D-401F-9EB3-9796BF537C9D}.Debug|Any CPU.Build.0 = Debug|Any CPU
		{3C5CFAF8-E45D-401F-9EB3-9796BF537C9D}.Release|Any CPU.ActiveCfg = Release|Any CPU
		{3C5CFAF8-E45D-401F-9EB3-9796BF537C9D}.Release|Any CPU.Build.0 = Release|Any CPU
		{C4A37B36-A284-4D3C-9B7C-9B4DC2C8B49F}.Debug|Any CPU.ActiveCfg = Debug|Any CPU
		{C4A37B36-A284-4D3C-9B7C-9B4DC2C8B49F}.Debug|Any CPU.Build.0 = Debug|Any CPU
		{C4A37B36-A284-4D3C-9B7C-9B4DC2C8B49F}.Release|Any CPU.ActiveCfg = Release|Any CPU
		{C4A37B36-A284-4D3C-9B7C-9B4DC2C8B49F}.Release|Any CPU.Build.0 = Release|Any CPU
		{D1F278BA-8AE8-44C0-967E-873D16881185}.Debug|Any CPU.ActiveCfg = Debug|Any CPU
		{D1F278BA-8AE8-44C0-967E-873D16881185}.Debug|Any CPU.Build.0 = Debug|Any CPU
		{D1F278BA-8AE8-44C0-967E-873D16881185}.Release|Any CPU.ActiveCfg = Release|Any CPU
		{D1F278BA-8AE8-44C0-967E-873D16881185}.Release|Any CPU.Build.0 = Release|Any CPU
	EndGlobalSection
	GlobalSection(SolutionProperties) = preSolution
		HideSolutionNode = FALSE
	EndGlobalSection
EndGlobal
